
Microsoft Visual Studio Solution File, Format Version 12.00
# Visual Studio Version 16
VisualStudioVersion = 16.0.33027.164
MinimumVisualStudioVersion = 10.0.40219.1
Project("{2150E333-8FDC-42A3-9474-1A3956D46DE8}") = "ShopManagement", "ShopManagement", "{3FEC9E34-B048-43D3-A914-AA7219C5D38E}"
EndProject
Project("{2150E333-8FDC-42A3-9474-1A3956D46DE8}") = "SM.Domain", "SM.Domain", "{D44D144D-BED9-4EA9-8601-E18C1A00C426}"
EndProject
Project("{9A19103F-16F7-4668-BE54-9A1E7A4F7556}") = "ShopManagement.Domain", "ShopManagement.Domain\ShopManagement.Domain.csproj", "{994FE778-39AA-445F-8D9A-39BAACC12AE2}"
EndProject
Project("{9A19103F-16F7-4668-BE54-9A1E7A4F7556}") = "0_Framework", "0_Framework\0_Framework.csproj", "{51B09273-7DDD-406C-B4DB-493C1677CDD8}"
EndProject
Project("{2150E333-8FDC-42A3-9474-1A3956D46DE8}") = "SM.Application", "SM.Application", "{B3ED4472-F1E4-4721-BD98-E515E6141ACC}"
EndProject
Project("{9A19103F-16F7-4668-BE54-9A1E7A4F7556}") = "ShopManagement.Application.Contracts", "ShopManagement.Application.Contracts\ShopManagement.Application.Contracts.csproj", "{BC4FAC7F-F9A1-4F33-A6D3-C112FA481539}"
EndProject
Project("{9A19103F-16F7-4668-BE54-9A1E7A4F7556}") = "ShopManagement.Application", "ShopManagement.Application\ShopManagement.Application.csproj", "{68222FDB-9729-4711-B90B-2435666409AD}"
EndProject
Project("{2150E333-8FDC-42A3-9474-1A3956D46DE8}") = "SM.Infrastructure", "SM.Infrastructure", "{14E8B818-9762-42FA-8C6B-E597FCA591C9}"
EndProject
Project("{FAE04EC0-301F-11D3-BF4B-00C04F79EFBC}") = "ShopManagement.Infrastructure.EFCore", "ShopManagement.Infrastructure.EFCore\ShopManagement.Infrastructure.EFCore.csproj", "{865262CB-FD42-4101-9C9C-1C8CF9BF45EF}"
EndProject
Project("{FAE04EC0-301F-11D3-BF4B-00C04F79EFBC}") = "ShopManagement.Configuration", "ShopManagement.Configuration\ShopManagement.Configuration.csproj", "{0CE23268-54FC-4246-8535-6057704A6B3D}"
EndProject
Global
	GlobalSection(SolutionConfigurationPlatforms) = preSolution
		Debug|Any CPU = Debug|Any CPU
		Release|Any CPU = Release|Any CPU
	EndGlobalSection
	GlobalSection(ProjectConfigurationPlatforms) = postSolution
		{994FE778-39AA-445F-8D9A-39BAACC12AE2}.Debug|Any CPU.ActiveCfg = Debug|Any CPU
		{994FE778-39AA-445F-8D9A-39BAACC12AE2}.Debug|Any CPU.Build.0 = Debug|Any CPU
		{994FE778-39AA-445F-8D9A-39BAACC12AE2}.Release|Any CPU.ActiveCfg = Release|Any CPU
		{994FE778-39AA-445F-8D9A-39BAACC12AE2}.Release|Any CPU.Build.0 = Release|Any CPU
		{51B09273-7DDD-406C-B4DB-493C1677CDD8}.Debug|Any CPU.ActiveCfg = Debug|Any CPU
		{51B09273-7DDD-406C-B4DB-493C1677CDD8}.Debug|Any CPU.Build.0 = Debug|Any CPU
		{51B09273-7DDD-406C-B4DB-493C1677CDD8}.Release|Any CPU.ActiveCfg = Release|Any CPU
		{51B09273-7DDD-406C-B4DB-493C1677CDD8}.Release|Any CPU.Build.0 = Release|Any CPU
		{BC4FAC7F-F9A1-4F33-A6D3-C112FA481539}.Debug|Any CPU.ActiveCfg = Debug|Any CPU
		{BC4FAC7F-F9A1-4F33-A6D3-C112FA481539}.Debug|Any CPU.Build.0 = Debug|Any CPU
		{BC4FAC7F-F9A1-4F33-A6D3-C112FA481539}.Release|Any CPU.ActiveCfg = Release|Any CPU
		{BC4FAC7F-F9A1-4F33-A6D3-C112FA481539}.Release|Any CPU.Build.0 = Release|Any CPU
		{68222FDB-9729-4711-B90B-2435666409AD}.Debug|Any CPU.ActiveCfg = Debug|Any CPU
		{68222FDB-9729-4711-B90B-2435666409AD}.Debug|Any CPU.Build.0 = Debug|Any CPU
		{68222FDB-9729-4711-B90B-2435666409AD}.Release|Any CPU.ActiveCfg = Release|Any CPU
		{68222FDB-9729-4711-B90B-2435666409AD}.Release|Any CPU.Build.0 = Release|Any CPU
		{865262CB-FD42-4101-9C9C-1C8CF9BF45EF}.Debug|Any CPU.ActiveCfg = Debug|Any CPU
		{865262CB-FD42-4101-9C9C-1C8CF9BF45EF}.Debug|Any CPU.Build.0 = Debug|Any CPU
		{865262CB-FD42-4101-9C9C-1C8CF9BF45EF}.Release|Any CPU.ActiveCfg = Release|Any CPU
		{865262CB-FD42-4101-9C9C-1C8CF9BF45EF}.Release|Any CPU.Build.0 = Release|Any CPU
		{0CE23268-54FC-4246-8535-6057704A6B3D}.Debug|Any CPU.ActiveCfg = Debug|Any CPU
		{0CE23268-54FC-4246-8535-6057704A6B3D}.Debug|Any CPU.Build.0 = Debug|Any CPU
		{0CE23268-54FC-4246-8535-6057704A6B3D}.Release|Any CPU.ActiveCfg = Release|Any CPU
		{0CE23268-54FC-4246-8535-6057704A6B3D}.Release|Any CPU.Build.0 = Release|Any CPU
	EndGlobalSection
	GlobalSection(SolutionProperties) = preSolution
		HideSolutionNode = FALSE
	EndGlobalSection
	GlobalSection(NestedProjects) = preSolution
		{D44D144D-BED9-4EA9-8601-E18C1A00C426} = {3FEC9E34-B048-43D3-A914-AA7219C5D38E}
		{994FE778-39AA-445F-8D9A-39BAACC12AE2} = {D44D144D-BED9-4EA9-8601-E18C1A00C426}
		{B3ED4472-F1E4-4721-BD98-E515E6141ACC} = {3FEC9E34-B048-43D3-A914-AA7219C5D38E}
		{BC4FAC7F-F9A1-4F33-A6D3-C112FA481539} = {B3ED4472-F1E4-4721-BD98-E515E6141ACC}
		{68222FDB-9729-4711-B90B-2435666409AD} = {B3ED4472-F1E4-4721-BD98-E515E6141ACC}
		{14E8B818-9762-42FA-8C6B-E597FCA591C9} = {3FEC9E34-B048-43D3-A914-AA7219C5D38E}
		{865262CB-FD42-4101-9C9C-1C8CF9BF45EF} = {14E8B818-9762-42FA-8C6B-E597FCA591C9}
		{0CE23268-54FC-4246-8535-6057704A6B3D} = {14E8B818-9762-42FA-8C6B-E597FCA591C9}
	EndGlobalSection
	GlobalSection(ExtensibilityGlobals) = postSolution
		SolutionGuid = {D7D9B235-0B45-409E-BDC3-8B9DA7A61FA3}
	EndGlobalSection
EndGlobal
